// !$*UTF8*$!
{
	archiveVersion = 1;
	classes = {
	};
	objectVersion = 50;
	objects = {

/* Begin PBXBuildFile section */
		0AB0B9382628D94F00C03DA2 /* AppDelegate.swift in Sources */ = {isa = PBXBuildFile; fileRef = 0AB0B9372628D94F00C03DA2 /* AppDelegate.swift */; };
		0AB0B93A2628D94F00C03DA2 /* SceneDelegate.swift in Sources */ = {isa = PBXBuildFile; fileRef = 0AB0B9392628D94F00C03DA2 /* SceneDelegate.swift */; };
		0AB0B93C2628D94F00C03DA2 /* ViewController.swift in Sources */ = {isa = PBXBuildFile; fileRef = 0AB0B93B2628D94F00C03DA2 /* ViewController.swift */; };
		0AB0B93F2628D94F00C03DA2 /* Main.storyboard in Resources */ = {isa = PBXBuildFile; fileRef = 0AB0B93D2628D94F00C03DA2 /* Main.storyboard */; };
		0AB0B9412628D95000C03DA2 /* Assets.xcassets in Resources */ = {isa = PBXBuildFile; fileRef = 0AB0B9402628D95000C03DA2 /* Assets.xcassets */; };
		0AB0B9442628D95000C03DA2 /* LaunchScreen.storyboard in Resources */ = {isa = PBXBuildFile; fileRef = 0AB0B9422628D95000C03DA2 /* LaunchScreen.storyboard */; };
		0AB0B94F2628D95100C03DA2 /* AppstoreTests.swift in Sources */ = {isa = PBXBuildFile; fileRef = 0AB0B94E2628D95100C03DA2 /* AppstoreTests.swift */; };
		0AB0B95A2628D95100C03DA2 /* AppstoreUITests.swift in Sources */ = {isa = PBXBuildFile; fileRef = 0AB0B9592628D95100C03DA2 /* AppstoreUITests.swift */; };
/* End PBXBuildFile section */

/* Begin PBXContainerItemProxy section */
		0AB0B94B2628D95000C03DA2 /* PBXContainerItemProxy */ = {
			isa = PBXContainerItemProxy;
			containerPortal = 0AB0B92C2628D94F00C03DA2 /* Project object */;
			proxyType = 1;
			remoteGlobalIDString = 0AB0B9332628D94F00C03DA2;
			remoteInfo = Appstore;
		};
		0AB0B9562628D95100C03DA2 /* PBXContainerItemProxy */ = {
			isa = PBXContainerItemProxy;
			containerPortal = 0AB0B92C2628D94F00C03DA2 /* Project object */;
			proxyType = 1;
			remoteGlobalIDString = 0AB0B9332628D94F00C03DA2;
			remoteInfo = Appstore;
		};
/* End PBXContainerItemProxy section */

/* Begin PBXFileReference section */
		0AB0B9342628D94F00C03DA2 /* Appstore.app */ = {isa = PBXFileReference; explicitFileType = wrapper.application; includeInIndex = 0; path = Appstore.app; sourceTree = BUILT_PRODUCTS_DIR; };
		0AB0B9372628D94F00C03DA2 /* AppDelegate.swift */ = {isa = PBXFileReference; lastKnownFileType = sourcecode.swift; path = AppDelegate.swift; sourceTree = "<group>"; };
		0AB0B9392628D94F00C03DA2 /* SceneDelegate.swift */ = {isa = PBXFileReference; lastKnownFileType = sourcecode.swift; path = SceneDelegate.swift; sourceTree = "<group>"; };
		0AB0B93B2628D94F00C03DA2 /* ViewController.swift */ = {isa = PBXFileReference; lastKnownFileType = sourcecode.swift; path = ViewController.swift; sourceTree = "<group>"; };
		0AB0B93E2628D94F00C03DA2 /* Base */ = {isa = PBXFileReference; lastKnownFileType = file.storyboard; name = Base; path = Base.lproj/Main.storyboard; sourceTree = "<group>"; };
		0AB0B9402628D95000C03DA2 /* Assets.xcassets */ = {isa = PBXFileReference; lastKnownFileType = folder.assetcatalog; path = Assets.xcassets; sourceTree = "<group>"; };
		0AB0B9432628D95000C03DA2 /* Base */ = {isa = PBXFileReference; lastKnownFileType = file.storyboard; name = Base; path = Base.lproj/LaunchScreen.storyboard; sourceTree = "<group>"; };
		0AB0B9452628D95000C03DA2 /* Info.plist */ = {isa = PBXFileReference; lastKnownFileType = text.plist.xml; path = Info.plist; sourceTree = "<group>"; };
		0AB0B94A2628D95000C03DA2 /* AppstoreTests.xctest */ = {isa = PBXFileReference; explicitFileType = wrapper.cfbundle; includeInIndex = 0; path = AppstoreTests.xctest; sourceTree = BUILT_PRODUCTS_DIR; };
		0AB0B94E2628D95100C03DA2 /* AppstoreTests.swift */ = {isa = PBXFileReference; lastKnownFileType = sourcecode.swift; path = AppstoreTests.swift; sourceTree = "<group>"; };
		0AB0B9502628D95100C03DA2 /* Info.plist */ = {isa = PBXFileReference; lastKnownFileType = text.plist.xml; path = Info.plist; sourceTree = "<group>"; };
		0AB0B9552628D95100C03DA2 /* AppstoreUITests.xctest */ = {isa = PBXFileReference; explicitFileType = wrapper.cfbundle; includeInIndex = 0; path = AppstoreUITests.xctest; sourceTree = BUILT_PRODUCTS_DIR; };
		0AB0B9592628D95100C03DA2 /* AppstoreUITests.swift */ = {isa = PBXFileReference; lastKnownFileType = sourcecode.swift; path = AppstoreUITests.swift; sourceTree = "<group>"; };
		0AB0B95B2628D95100C03DA2 /* Info.plist */ = {isa = PBXFileReference; lastKnownFileType = text.plist.xml; path = Info.plist; sourceTree = "<group>"; };
/* End PBXFileReference section */

/* Begin PBXFrameworksBuildPhase section */
		0AB0B9312628D94F00C03DA2 /* Frameworks */ = {
			isa = PBXFrameworksBuildPhase;
			buildActionMask = 2147483647;
			files = (
			);
			runOnlyForDeploymentPostprocessing = 0;
		};
		0AB0B9472628D95000C03DA2 /* Frameworks */ = {
			isa = PBXFrameworksBuildPhase;
			buildActionMask = 2147483647;
			files = (
			);
			runOnlyForDeploymentPostprocessing = 0;
		};
		0AB0B9522628D95100C03DA2 /* Frameworks */ = {
			isa = PBXFrameworksBuildPhase;
			buildActionMask = 2147483647;
			files = (
			);
			runOnlyForDeploymentPostprocessing = 0;
		};
/* End PBXFrameworksBuildPhase section */

/* Begin PBXGroup section */
		0AB0B92B2628D94F00C03DA2 = {
			isa = PBXGroup;
			children = (
				0AB0B9362628D94F00C03DA2 /* Appstore */,
				0AB0B94D2628D95000C03DA2 /* AppstoreTests */,
				0AB0B9582628D95100C03DA2 /* AppstoreUITests */,
				0AB0B9352628D94F00C03DA2 /* Products */,
			);
			sourceTree = "<group>";
		};
		0AB0B9352628D94F00C03DA2 /* Products */ = {
			isa = PBXGroup;
			children = (
				0AB0B9342628D94F00C03DA2 /* Appstore.app */,
				0AB0B94A2628D95000C03DA2 /* AppstoreTests.xctest */,
				0AB0B9552628D95100C03DA2 /* AppstoreUITests.xctest */,
			);
			name = Products;
			sourceTree = "<group>";
		};
		0AB0B9362628D94F00C03DA2 /* Appstore */ = {
			isa = PBXGroup;
			children = (
				0AB0B9372628D94F00C03DA2 /* AppDelegate.swift */,
				0AB0B9392628D94F00C03DA2 /* SceneDelegate.swift */,
				0AB0B93B2628D94F00C03DA2 /* ViewController.swift */,
				0AB0B93D2628D94F00C03DA2 /* Main.storyboard */,
				0AB0B9402628D95000C03DA2 /* Assets.xcassets */,
				0AB0B9422628D95000C03DA2 /* LaunchScreen.storyboard */,
				0AB0B9452628D95000C03DA2 /* Info.plist */,
			);
			path = Appstore;
			sourceTree = "<group>";
		};
		0AB0B94D2628D95000C03DA2 /* AppstoreTests */ = {
			isa = PBXGroup;
			children = (
				0AB0B94E2628D95100C03DA2 /* AppstoreTests.swift */,
				0AB0B9502628D95100C03DA2 /* Info.plist */,
			);
			path = AppstoreTests;
			sourceTree = "<group>";
		};
		0AB0B9582628D95100C03DA2 /* AppstoreUITests */ = {
			isa = PBXGroup;
			children = (
				0AB0B9592628D95100C03DA2 /* AppstoreUITests.swift */,
				0AB0B95B2628D95100C03DA2 /* Info.plist */,
			);
			path = AppstoreUITests;
			sourceTree = "<group>";
		};
/* End PBXGroup section */

/* Begin PBXNativeTarget section */
		0AB0B9332628D94F00C03DA2 /* Appstore */ = {
			isa = PBXNativeTarget;
			buildConfigurationList = 0AB0B95E2628D95100C03DA2 /* Build configuration list for PBXNativeTarget "Appstore" */;
			buildPhases = (
				0AB0B9302628D94F00C03DA2 /* Sources */,
				0AB0B9312628D94F00C03DA2 /* Frameworks */,
				0AB0B9322628D94F00C03DA2 /* Resources */,
			);
			buildRules = (
			);
			dependencies = (
			);
			name = Appstore;
			productName = Appstore;
			productReference = 0AB0B9342628D94F00C03DA2 /* Appstore.app */;
			productType = "com.apple.product-type.application";
		};
		0AB0B9492628D95000C03DA2 /* AppstoreTests */ = {
			isa = PBXNativeTarget;
			buildConfigurationList = 0AB0B9612628D95100C03DA2 /* Build configuration list for PBXNativeTarget "AppstoreTests" */;
			buildPhases = (
				0AB0B9462628D95000C03DA2 /* Sources */,
				0AB0B9472628D95000C03DA2 /* Frameworks */,
				0AB0B9482628D95000C03DA2 /* Resources */,
			);
			buildRules = (
			);
			dependencies = (
				0AB0B94C2628D95000C03DA2 /* PBXTargetDependency */,
			);
			name = AppstoreTests;
			productName = AppstoreTests;
			productReference = 0AB0B94A2628D95000C03DA2 /* AppstoreTests.xctest */;
			productType = "com.apple.product-type.bundle.unit-test";
		};
		0AB0B9542628D95100C03DA2 /* AppstoreUITests */ = {
			isa = PBXNativeTarget;
			buildConfigurationList = 0AB0B9642628D95100C03DA2 /* Build configuration list for PBXNativeTarget "AppstoreUITests" */;
			buildPhases = (
				0AB0B9512628D95100C03DA2 /* Sources */,
				0AB0B9522628D95100C03DA2 /* Frameworks */,
				0AB0B9532628D95100C03DA2 /* Resources */,
			);
			buildRules = (
			);
			dependencies = (
				0AB0B9572628D95100C03DA2 /* PBXTargetDependency */,
			);
			name = AppstoreUITests;
			productName = AppstoreUITests;
			productReference = 0AB0B9552628D95100C03DA2 /* AppstoreUITests.xctest */;
			productType = "com.apple.product-type.bundle.ui-testing";
		};
/* End PBXNativeTarget section */

/* Begin PBXProject section */
		0AB0B92C2628D94F00C03DA2 /* Project object */ = {
			isa = PBXProject;
			attributes = {
				LastSwiftUpdateCheck = 1240;
				LastUpgradeCheck = 1240;
				TargetAttributes = {
					0AB0B9332628D94F00C03DA2 = {
						CreatedOnToolsVersion = 12.4;
					};
					0AB0B9492628D95000C03DA2 = {
						CreatedOnToolsVersion = 12.4;
						TestTargetID = 0AB0B9332628D94F00C03DA2;
					};
					0AB0B9542628D95100C03DA2 = {
						CreatedOnToolsVersion = 12.4;
						TestTargetID = 0AB0B9332628D94F00C03DA2;
					};
				};
			};
			buildConfigurationList = 0AB0B92F2628D94F00C03DA2 /* Build configuration list for PBXProject "Appstore" */;
			compatibilityVersion = "Xcode 9.3";
			developmentRegion = en;
			hasScannedForEncodings = 0;
			knownRegions = (
				en,
				Base,
			);
			mainGroup = 0AB0B92B2628D94F00C03DA2;
			productRefGroup = 0AB0B9352628D94F00C03DA2 /* Products */;
			projectDirPath = "";
			projectRoot = "";
			targets = (
				0AB0B9332628D94F00C03DA2 /* Appstore */,
				0AB0B9492628D95000C03DA2 /* AppstoreTests */,
				0AB0B9542628D95100C03DA2 /* AppstoreUITests */,
			);
		};
/* End PBXProject section */

/* Begin PBXResourcesBuildPhase section */
		0AB0B9322628D94F00C03DA2 /* Resources */ = {
			isa = PBXResourcesBuildPhase;
			buildActionMask = 2147483647;
			files = (
				0AB0B9442628D95000C03DA2 /* LaunchScreen.storyboard in Resources */,
				0AB0B9412628D95000C03DA2 /* Assets.xcassets in Resources */,
				0AB0B93F2628D94F00C03DA2 /* Main.storyboard in Resources */,
			);
			runOnlyForDeploymentPostprocessing = 0;
		};
		0AB0B9482628D95000C03DA2 /* Resources */ = {
			isa = PBXResourcesBuildPhase;
			buildActionMask = 2147483647;
			files = (
			);
			runOnlyForDeploymentPostprocessing = 0;
		};
		0AB0B9532628D95100C03DA2 /* Resources */ = {
			isa = PBXResourcesBuildPhase;
			buildActionMask = 2147483647;
			files = (
			);
			runOnlyForDeploymentPostprocessing = 0;
		};
/* End PBXResourcesBuildPhase section */

/* Begin PBXSourcesBuildPhase section */
		0AB0B9302628D94F00C03DA2 /* Sources */ = {
			isa = PBXSourcesBuildPhase;
			buildActionMask = 2147483647;
			files = (
				0AB0B93C2628D94F00C03DA2 /* ViewController.swift in Sources */,
				0AB0B9382628D94F00C03DA2 /* AppDelegate.swift in Sources */,
				0AB0B93A2628D94F00C03DA2 /* SceneDelegate.swift in Sources */,
			);
			runOnlyForDeploymentPostprocessing = 0;
		};
		0AB0B9462628D95000C03DA2 /* Sources */ = {
			isa = PBXSourcesBuildPhase;
			buildActionMask = 2147483647;
			files = (
				0AB0B94F2628D95100C03DA2 /* AppstoreTests.swift in Sources */,
			);
			runOnlyForDeploymentPostprocessing = 0;
		};
		0AB0B9512628D95100C03DA2 /* Sources */ = {
			isa = PBXSourcesBuildPhase;
			buildActionMask = 2147483647;
			files = (
				0AB0B95A2628D95100C03DA2 /* AppstoreUITests.swift in Sources */,
			);
			runOnlyForDeploymentPostprocessing = 0;
		};
/* End PBXSourcesBuildPhase section */

/* Begin PBXTargetDependency section */
		0AB0B94C2628D95000C03DA2 /* PBXTargetDependency */ = {
			isa = PBXTargetDependency;
			target = 0AB0B9332628D94F00C03DA2 /* Appstore */;
			targetProxy = 0AB0B94B2628D95000C03DA2 /* PBXContainerItemProxy */;
		};
		0AB0B9572628D95100C03DA2 /* PBXTargetDependency */ = {
			isa = PBXTargetDependency;
			target = 0AB0B9332628D94F00C03DA2 /* Appstore */;
			targetProxy = 0AB0B9562628D95100C03DA2 /* PBXContainerItemProxy */;
		};
/* End PBXTargetDependency section */

/* Begin PBXVariantGroup section */
		0AB0B93D2628D94F00C03DA2 /* Main.storyboard */ = {
			isa = PBXVariantGroup;
			children = (
				0AB0B93E2628D94F00C03DA2 /* Base */,
			);
			name = Main.storyboard;
			sourceTree = "<group>";
		};
		0AB0B9422628D95000C03DA2 /* LaunchScreen.storyboard */ = {
			isa = PBXVariantGroup;
			children = (
				0AB0B9432628D95000C03DA2 /* Base */,
			);
			name = LaunchScreen.storyboard;
			sourceTree = "<group>";
		};
/* End PBXVariantGroup section */

/* Begin XCBuildConfiguration section */
		0AB0B95C2628D95100C03DA2 /* Debug */ = {
			isa = XCBuildConfiguration;
			buildSettings = {
				ALWAYS_SEARCH_USER_PATHS = NO;
				CLANG_ANALYZER_NONNULL = YES;
				CLANG_ANALYZER_NUMBER_OBJECT_CONVERSION = YES_AGGRESSIVE;
				CLANG_CXX_LANGUAGE_STANDARD = "gnu++14";
				CLANG_CXX_LIBRARY = "libc++";
				CLANG_ENABLE_MODULES = YES;
				CLANG_ENABLE_OBJC_ARC = YES;
				CLANG_ENABLE_OBJC_WEAK = YES;
				CLANG_WARN_BLOCK_CAPTURE_AUTORELEASING = YES;
				CLANG_WARN_BOOL_CONVERSION = YES;
				CLANG_WARN_COMMA = YES;
				CLANG_WARN_CONSTANT_CONVERSION = YES;
				CLANG_WARN_DEPRECATED_OBJC_IMPLEMENTATIONS = YES;
				CLANG_WARN_DIRECT_OBJC_ISA_USAGE = YES_ERROR;
				CLANG_WARN_DOCUMENTATION_COMMENTS = YES;
				CLANG_WARN_EMPTY_BODY = YES;
				CLANG_WARN_ENUM_CONVERSION = YES;
				CLANG_WARN_INFINITE_RECURSION = YES;
				CLANG_WARN_INT_CONVERSION = YES;
				CLANG_WARN_NON_LITERAL_NULL_CONVERSION = YES;
				CLANG_WARN_OBJC_IMPLICIT_RETAIN_SELF = YES;
				CLANG_WARN_OBJC_LITERAL_CONVERSION = YES;
				CLANG_WARN_OBJC_ROOT_CLASS = YES_ERROR;
				CLANG_WARN_QUOTED_INCLUDE_IN_FRAMEWORK_HEADER = YES;
				CLANG_WARN_RANGE_LOOP_ANALYSIS = YES;
				CLANG_WARN_STRICT_PROTOTYPES = YES;
				CLANG_WARN_SUSPICIOUS_MOVE = YES;
				CLANG_WARN_UNGUARDED_AVAILABILITY = YES_AGGRESSIVE;
				CLANG_WARN_UNREACHABLE_CODE = YES;
				CLANG_WARN__DUPLICATE_METHOD_MATCH = YES;
				COPY_PHASE_STRIP = NO;
				DEBUG_INFORMATION_FORMAT = dwarf;
				ENABLE_STRICT_OBJC_MSGSEND = YES;
				ENABLE_TESTABILITY = YES;
				GCC_C_LANGUAGE_STANDARD = gnu11;
				GCC_DYNAMIC_NO_PIC = NO;
				GCC_NO_COMMON_BLOCKS = YES;
				GCC_OPTIMIZATION_LEVEL = 0;
				GCC_PREPROCESSOR_DEFINITIONS = (
					"DEBUG=1",
					"$(inherited)",
				);
				GCC_WARN_64_TO_32_BIT_CONVERSION = YES;
				GCC_WARN_ABOUT_RETURN_TYPE = YES_ERROR;
				GCC_WARN_UNDECLARED_SELECTOR = YES;
				GCC_WARN_UNINITIALIZED_AUTOS = YES_AGGRESSIVE;
				GCC_WARN_UNUSED_FUNCTION = YES;
				GCC_WARN_UNUSED_VARIABLE = YES;
				IPHONEOS_DEPLOYMENT_TARGET = 14.4;
				MTL_ENABLE_DEBUG_INFO = INCLUDE_SOURCE;
				MTL_FAST_MATH = YES;
				ONLY_ACTIVE_ARCH = YES;
				SDKROOT = iphoneos;
				SWIFT_ACTIVE_COMPILATION_CONDITIONS = DEBUG;
				SWIFT_OPTIMIZATION_LEVEL = "-Onone";
			};
			name = Debug;
		};
		0AB0B95D2628D95100C03DA2 /* Release */ = {
			isa = XCBuildConfiguration;
			buildSettings = {
				ALWAYS_SEARCH_USER_PATHS = NO;
				CLANG_ANALYZER_NONNULL = YES;
				CLANG_ANALYZER_NUMBER_OBJECT_CONVERSION = YES_AGGRESSIVE;
				CLANG_CXX_LANGUAGE_STANDARD = "gnu++14";
				CLANG_CXX_LIBRARY = "libc++";
				CLANG_ENABLE_MODULES = YES;
				CLANG_ENABLE_OBJC_ARC = YES;
				CLANG_ENABLE_OBJC_WEAK = YES;
				CLANG_WARN_BLOCK_CAPTURE_AUTORELEASING = YES;
				CLANG_WARN_BOOL_CONVERSION = YES;
				CLANG_WARN_COMMA = YES;
				CLANG_WARN_CONSTANT_CONVERSION = YES;
				CLANG_WARN_DEPRECATED_OBJC_IMPLEMENTATIONS = YES;
				CLANG_WARN_DIRECT_OBJC_ISA_USAGE = YES_ERROR;
				CLANG_WARN_DOCUMENTATION_COMMENTS = YES;
				CLANG_WARN_EMPTY_BODY = YES;
				CLANG_WARN_ENUM_CONVERSION = YES;
				CLANG_WARN_INFINITE_RECURSION = YES;
				CLANG_WARN_INT_CONVERSION = YES;
				CLANG_WARN_NON_LITERAL_NULL_CONVERSION = YES;
				CLANG_WARN_OBJC_IMPLICIT_RETAIN_SELF = YES;
				CLANG_WARN_OBJC_LITERAL_CONVERSION = YES;
				CLANG_WARN_OBJC_ROOT_CLASS = YES_ERROR;
				CLANG_WARN_QUOTED_INCLUDE_IN_FRAMEWORK_HEADER = YES;
				CLANG_WARN_RANGE_LOOP_ANALYSIS = YES;
				CLANG_WARN_STRICT_PROTOTYPES = YES;
				CLANG_WARN_SUSPICIOUS_MOVE = YES;
				CLANG_WARN_UNGUARDED_AVAILABILITY = YES_AGGRESSIVE;
				CLANG_WARN_UNREACHABLE_CODE = YES;
				CLANG_WARN__DUPLICATE_METHOD_MATCH = YES;
				COPY_PHASE_STRIP = NO;
				DEBUG_INFORMATION_FORMAT = "dwarf-with-dsym";
				ENABLE_NS_ASSERTIONS = NO;
				ENABLE_STRICT_OBJC_MSGSEND = YES;
				GCC_C_LANGUAGE_STANDARD = gnu11;
				GCC_NO_COMMON_BLOCKS = YES;
				GCC_WARN_64_TO_32_BIT_CONVERSION = YES;
				GCC_WARN_ABOUT_RETURN_TYPE = YES_ERROR;
				GCC_WARN_UNDECLARED_SELECTOR = YES;
				GCC_WARN_UNINITIALIZED_AUTOS = YES_AGGRESSIVE;
				GCC_WARN_UNUSED_FUNCTION = YES;
				GCC_WARN_UNUSED_VARIABLE = YES;
				IPHONEOS_DEPLOYMENT_TARGET = 14.4;
				MTL_ENABLE_DEBUG_INFO = NO;
				MTL_FAST_MATH = YES;
				SDKROOT = iphoneos;
				SWIFT_COMPILATION_MODE = wholemodule;
				SWIFT_OPTIMIZATION_LEVEL = "-O";
				VALIDATE_PRODUCT = YES;
			};
			name = Release;
		};
		0AB0B95F2628D95100C03DA2 /* Debug */ = {
			isa = XCBuildConfiguration;
			buildSettings = {
				ASSETCATALOG_COMPILER_APPICON_NAME = AppIcon;
				ASSETCATALOG_COMPILER_GLOBAL_ACCENT_COLOR_NAME = AccentColor;
				CODE_SIGN_STYLE = Automatic;
				INFOPLIST_FILE = Appstore/Info.plist;
				LD_RUNPATH_SEARCH_PATHS = (
					"$(inherited)",
					"@executable_path/Frameworks",
				);
				PRODUCT_BUNDLE_IDENTIFIER = chardson.Appstore;
				PRODUCT_NAME = "$(TARGET_NAME)";
				SWIFT_VERSION = 5.0;
				TARGETED_DEVICE_FAMILY = "1,2";
			};
			name = Debug;
		};
		0AB0B9602628D95100C03DA2 /* Release */ = {
			isa = XCBuildConfiguration;
			buildSettings = {
				ASSETCATALOG_COMPILER_APPICON_NAME = AppIcon;
				ASSETCATALOG_COMPILER_GLOBAL_ACCENT_COLOR_NAME = AccentColor;
				CODE_SIGN_STYLE = Automatic;
				INFOPLIST_FILE = Appstore/Info.plist;
				LD_RUNPATH_SEARCH_PATHS = (
					"$(inherited)",
					"@executable_path/Frameworks",
				);
				PRODUCT_BUNDLE_IDENTIFIER = chardson.Appstore;
				PRODUCT_NAME = "$(TARGET_NAME)";
				SWIFT_VERSION = 5.0;
				TARGETED_DEVICE_FAMILY = "1,2";
			};
			name = Release;
		};
		0AB0B9622628D95100C03DA2 /* Debug */ = {
			isa = XCBuildConfiguration;
			buildSettings = {
				ALWAYS_EMBED_SWIFT_STANDARD_LIBRARIES = YES;
				BUNDLE_LOADER = "$(TEST_HOST)";
				CODE_SIGN_STYLE = Automatic;
				INFOPLIST_FILE = AppstoreTests/Info.plist;
				IPHONEOS_DEPLOYMENT_TARGET = 14.4;
				LD_RUNPATH_SEARCH_PATHS = (
					"$(inherited)",
					"@executable_path/Frameworks",
					"@loader_path/Frameworks",
				);
				PRODUCT_BUNDLE_IDENTIFIER = chardson.AppstoreTests;
				PRODUCT_NAME = "$(TARGET_NAME)";
				SWIFT_VERSION = 5.0;
				TARGETED_DEVICE_FAMILY = "1,2";
				TEST_HOST = "$(BUILT_PRODUCTS_DIR)/Appstore.app/Appstore";
			};
			name = Debug;
		};
		0AB0B9632628D95100C03DA2 /* Release */ = {
			isa = XCBuildConfiguration;
			buildSettings = {
				ALWAYS_EMBED_SWIFT_STANDARD_LIBRARIES = YES;
				BUNDLE_LOADER = "$(TEST_HOST)";
				CODE_SIGN_STYLE = Automatic;
				INFOPLIST_FILE = AppstoreTests/Info.plist;
				IPHONEOS_DEPLOYMENT_TARGET = 14.4;
				LD_RUNPATH_SEARCH_PATHS = (
					"$(inherited)",
					"@executable_path/Frameworks",
					"@loader_path/Frameworks",
				);
				PRODUCT_BUNDLE_IDENTIFIER = chardson.AppstoreTests;
				PRODUCT_NAME = "$(TARGET_NAME)";
				SWIFT_VERSION = 5.0;
				TARGETED_DEVICE_FAMILY = "1,2";
				TEST_HOST = "$(BUILT_PRODUCTS_DIR)/Appstore.app/Appstore";
			};
			name = Release;
		};
		0AB0B9652628D95100C03DA2 /* Debug */ = {
			isa = XCBuildConfiguration;
			buildSettings = {
				ALWAYS_EMBED_SWIFT_STANDARD_LIBRARIES = YES;
				CODE_SIGN_STYLE = Automatic;
				INFOPLIST_FILE = AppstoreUITests/Info.plist;
				LD_RUNPATH_SEARCH_PATHS = (
					"$(inherited)",
					"@executable_path/Frameworks",
					"@loader_path/Frameworks",
				);
				PRODUCT_BUNDLE_IDENTIFIER = chardson.AppstoreUITests;
				PRODUCT_NAME = "$(TARGET_NAME)";
				SWIFT_VERSION = 5.0;
				TARGETED_DEVICE_FAMILY = "1,2";
				TEST_TARGET_NAME = Appstore;
			};
			name = Debug;
		};
		0AB0B9662628D95100C03DA2 /* Release */ = {
			isa = XCBuildConfiguration;
			buildSettings = {
				ALWAYS_EMBED_SWIFT_STANDARD_LIBRARIES = YES;
				CODE_SIGN_STYLE = Automatic;
				INFOPLIST_FILE = AppstoreUITests/Info.plist;
				LD_RUNPATH_SEARCH_PATHS = (
					"$(inherited)",
					"@executable_path/Frameworks",
					"@loader_path/Frameworks",
				);
				PRODUCT_BUNDLE_IDENTIFIER = chardson.AppstoreUITests;
				PRODUCT_NAME = "$(TARGET_NAME)";
				SWIFT_VERSION = 5.0;
				TARGETED_DEVICE_FAMILY = "1,2";
				TEST_TARGET_NAME = Appstore;
			};
			name = Release;
		};
/* End XCBuildConfiguration section */

/* Begin XCConfigurationList section */
		0AB0B92F2628D94F00C03DA2 /* Build configuration list for PBXProject "Appstore" */ = {
			isa = XCConfigurationList;
			buildConfigurations = (
				0AB0B95C2628D95100C03DA2 /* Debug */,
				0AB0B95D2628D95100C03DA2 /* Release */,
			);
			defaultConfigurationIsVisible = 0;
			defaultConfigurationName = Release;
		};
		0AB0B95E2628D95100C03DA2 /* Build configuration list for PBXNativeTarget "Appstore" */ = {
			isa = XCConfigurationList;
			buildConfigurations = (
				0AB0B95F2628D95100C03DA2 /* Debug */,
				0AB0B9602628D95100C03DA2 /* Release */,
			);
			defaultConfigurationIsVisible = 0;
			defaultConfigurationName = Release;
		};
		0AB0B9612628D95100C03DA2 /* Build configuration list for PBXNativeTarget "AppstoreTests" */ = {
			isa = XCConfigurationList;
			buildConfigurations = (
				0AB0B9622628D95100C03DA2 /* Debug */,
				0AB0B9632628D95100C03DA2 /* Release */,
			);
			defaultConfigurationIsVisible = 0;
			defaultConfigurationName = Release;
		};
		0AB0B9642628D95100C03DA2 /* Build configuration list for PBXNativeTarget "AppstoreUITests" */ = {
			isa = XCConfigurationList;
			buildConfigurations = (
				0AB0B9652628D95100C03DA2 /* Debug */,
				0AB0B9662628D95100C03DA2 /* Release */,
			);
			defaultConfigurationIsVisible = 0;
			defaultConfigurationName = Release;
		};
/* End XCConfigurationList section */
	};
	rootObject = 0AB0B92C2628D94F00C03DA2 /* Project object */;
}
